# Fully resolved Python dependencies layered over the immutable PyTorch image.
# torch==2.7.0+cu128, triton==3.3.0, and their NVIDIA runtime packages are
# supplied by pytorch/pytorch@sha256:7db0e1bf4b1ac274ea09cf6358ab516f8a5c7d3d0e02311bed445f7e236a5d80.
absl-py==2.5.0
adam-atan2-pytorch==0.4.0
aiohappyeyeballs==2.7.1
aiohttp==3.14.3
aiosignal==1.4.0
antlr4-python3-runtime==4.9.3
attrs==26.1.0
certifi==2026.7.22
charset-normalizer==3.5.1
colorlog==6.9.0
contourpy==1.3.3
cycler==0.12.1
einops==0.8.2
einx==0.4.3
etils==1.14.0
evdev==2.0.0
filelock==3.32.5
fonttools==4.64.0
frozendict==2.4.7
frozenlist==1.8.0
fsspec==2026.7.0
glfw==2.10.2
hf-xet==1.6.0
huggingface-hub==0.36.2
hydra-core==1.3.2
idna==3.19
jinja2==3.1.6
kiwisolver==1.5.1
lightning-utilities==0.15.3
markupsafe==3.0.3
matplotlib==3.10.6
mpmath==1.3.0
mujoco==3.3.5
multidict==6.7.1
networkx==3.6.1
numpy==1.26.4
omegaconf==2.3.0
packaging==26.3
pillow==12.3.0
propcache==0.5.2
pynput==1.8.1
pyopengl==3.1.10
pyparsing==3.3.2
python-dateutil==2.9.0.post0
python-xlib==0.33
pytorch-lightning==2.5.5
pyyaml==6.0.3
regex==2026.9.3
requests==2.34.2
safetensors==0.6.2
scipy==1.15.3
six==1.17.0
sympy==1.13.3
tokenizers==0.22.2
torchmetrics==1.9.0
tqdm==4.70.0
transformers==4.56.0
typing-extensions==4.16.0
urllib3==2.7.0
vector-quantize-pytorch==1.23.2
yarl==1.24.5
zipp==4.1.0
